
Microsoft Visual Studio Solution File, Format Version 12.00
# Visual Studio Version 17
VisualStudioVersion = 17.8.34525.116
MinimumVisualStudioVersion = 10.0.40219.1
Project("{FAE04EC0-301F-11D3-BF4B-00C04F79EFBC}") = "Library System", "Library System\Library System.csproj", "{409149D3-3968-452A-9530-22AB49A2FA57}"
EndProject
Global
	GlobalSection(SolutionConfigurationPlatforms) = preSolution
		Debug|Any CPU = Debug|Any CPU
		Release|Any CPU = Release|Any CPU
	EndGlobalSection
	GlobalSection(ProjectConfigurationPlatforms) = postSolution
		{409149D3-3968-452A-9530-22AB49A2FA57}.Debug|Any CPU.ActiveCfg = Debug|Any CPU
		{409149D3-3968-452A-9530-22AB49A2FA57}.Debug|Any CPU.Build.0 = Debug|Any CPU
		{409149D3-3968-452A-9530-22AB49A2FA57}.Release|Any CPU.ActiveCfg = Release|Any CPU
		{409149D3-3968-452A-9530-22AB49A2FA57}.Release|Any CPU.Build.0 = Release|Any CPU
	EndGlobalSection
	GlobalSection(SolutionProperties) = preSolution
		HideSolutionNode = FALSE
	EndGlobalSection
	GlobalSection(ExtensibilityGlobals) = postSolution
		SolutionGuid = {B49D1C40-58EF-422E-847D-2E5830B0F760}
	EndGlobalSection
EndGlobal
